
Microsoft Visual Studio Solution File, Format Version 12.00
# Visual Studio 15
VisualStudioVersion = 15.0.27428.2002
MinimumVisualStudioVersion = 10.0.40219.1
Project("{FAE04EC0-301F-11D3-BF4B-00C04F79EFBC}") = "Builder1", "Builder\Builder1.csproj", "{B2EB5EF0-03F5-46BA-9934-3CE268DD5B02}"
EndProject
Project("{FAE04EC0-301F-11D3-BF4B-00C04F79EFBC}") = "MazeBuilder", "Builder2\MazeBuilder.csproj", "{498D5528-2E2B-49D5-9221-88A039F3A456}"
EndProject
Project("{2150E333-8FDC-42A3-9474-1A3956D46DE8}") = "Builder", "Builder", "{709FDF99-1BB8-4631-9FE2-CFB018C6ACF9}"
EndProject
Project("{2150E333-8FDC-42A3-9474-1A3956D46DE8}") = "Factory", "Factory", "{9B5087D9-1826-4291-9498-CF517A53E444}"
EndProject
Project("{FAE04EC0-301F-11D3-BF4B-00C04F79EFBC}") = "Factory", "Factory\Factory.csproj", "{AD8EE029-41B9-44AA-8382-F1DC2CF6F7EA}"
EndProject
Project("{FAE04EC0-301F-11D3-BF4B-00C04F79EFBC}") = "LogisticsFactory", "Logistics\LogisticsFactory.csproj", "{6D41ABF2-ED6A-41B6-B6A4-B9130D8BCE7B}"
EndProject
Project("{2150E333-8FDC-42A3-9474-1A3956D46DE8}") = "AbstractFactory", "AbstractFactory", "{D1099422-0BC9-43DE-8A83-873B74DE0157}"
EndProject
Project("{FAE04EC0-301F-11D3-BF4B-00C04F79EFBC}") = "AbstractFactory", "AbstractFactory\AbstractFactory.csproj", "{2FEE1B72-30B1-4D5B-A952-C98F8420A85E}"
EndProject
Project("{2150E333-8FDC-42A3-9474-1A3956D46DE8}") = "Adapter", "Adapter", "{5979FA27-1B19-42D5-8830-77AB33FE1960}"
EndProject
Project("{FAE04EC0-301F-11D3-BF4B-00C04F79EFBC}") = "Adapter", "Adapter\Adapter.csproj", "{4FA3DCFD-B2D2-442E-B707-A760B75F46F5}"
EndProject
Project("{2150E333-8FDC-42A3-9474-1A3956D46DE8}") = "Bridge", "Bridge", "{F1B37066-ADE6-4CB1-822A-1A2C87D157F7}"
EndProject
Project("{FAE04EC0-301F-11D3-BF4B-00C04F79EFBC}") = "Bridge", "Bridge\Bridge.csproj", "{830A6DAB-3719-4739-B001-154A0E1311BE}"
EndProject
Project("{2150E333-8FDC-42A3-9474-1A3956D46DE8}") = "Flyweight", "Flyweight", "{669E478E-4BBF-42C4-8660-8299BC60E1F7}"
EndProject
Project("{FAE04EC0-301F-11D3-BF4B-00C04F79EFBC}") = "CirlceFlyweight", "CirlceFlyweight\CirlceFlyweight.csproj", "{E9FBC36B-66BE-46A0-80D0-9C7AB922475C}"
EndProject
Project("{2150E333-8FDC-42A3-9474-1A3956D46DE8}") = "Proxy", "Proxy", "{FE303C89-ADC6-4874-906B-B42EA0229C1B}"
EndProject
Project("{FAE04EC0-301F-11D3-BF4B-00C04F79EFBC}") = "ProxyDemo", "ProxyDemo\ProxyDemo.csproj", "{C0B7F614-FEE7-4AAB-8F0E-DCD0CCAD4EF8}"
EndProject
Project("{2150E333-8FDC-42A3-9474-1A3956D46DE8}") = "ChainOfResponsibility", "ChainOfResponsibility", "{5EB996F5-BE3E-442D-BD9E-232895EF6722}"
EndProject
Project("{FAE04EC0-301F-11D3-BF4B-00C04F79EFBC}") = "LoggerDemo", "LoggerDemo\LoggerDemo.csproj", "{FA079424-D229-4B24-8B82-9382FB3FFCE1}"
EndProject
Project("{2150E333-8FDC-42A3-9474-1A3956D46DE8}") = "Command", "Command", "{7A20F7B2-18C4-4718-9125-3C088C4D119B}"
EndProject
Project("{FAE04EC0-301F-11D3-BF4B-00C04F79EFBC}") = "StockCommandDemo", "StockCommandDemo\StockCommandDemo.csproj", "{48385805-E027-4F15-ACCB-7BDDF4F8853F}"
EndProject
Project("{FAE04EC0-301F-11D3-BF4B-00C04F79EFBC}") = "CompositeEmployee", "CompositeEmployee\CompositeEmployee.csproj", "{C59AC0E4-F3B3-4B2A-8790-6A37CCD8BB42}"
EndProject
Project("{2150E333-8FDC-42A3-9474-1A3956D46DE8}") = "Composite", "Composite", "{A035B0AF-A347-4E21-8969-9A21D00383BF}"
EndProject
Project("{2150E333-8FDC-42A3-9474-1A3956D46DE8}") = "Interpreter", "Interpreter", "{D0C9052D-8D9E-45C0-B801-541529858558}"
EndProject
Project("{FAE04EC0-301F-11D3-BF4B-00C04F79EFBC}") = "InterpreterDemo", "InterpreterDemo\InterpreterDemo.csproj", "{24A1B97D-2E0B-4DE5-B08D-EF994ABC9970}"
EndProject
Project("{2150E333-8FDC-42A3-9474-1A3956D46DE8}") = "Iterator", "Iterator", "{F0D518FC-DB38-494A-8E7A-5705C3D2EACE}"
EndProject
Project("{FAE04EC0-301F-11D3-BF4B-00C04F79EFBC}") = "IteratorDemo", "IteratorDemo\IteratorDemo.csproj", "{844E6FF4-D07E-4F33-BBEE-15800A4F63CC}"
EndProject
Project("{2150E333-8FDC-42A3-9474-1A3956D46DE8}") = "Mediator", "Mediator", "{412F356A-A94D-40F5-ACBD-28F55C2EA1B7}"
EndProject
Project("{FAE04EC0-301F-11D3-BF4B-00C04F79EFBC}") = "MediatorDemo", "MediatorDemo\MediatorDemo.csproj", "{5D34EB24-256C-401A-AAF2-FD7C29AC1E9D}"
EndProject
Project("{2150E333-8FDC-42A3-9474-1A3956D46DE8}") = "Decorator", "Decorator", "{D36627B0-74B2-41CE-B869-0A54EBEB6143}"
EndProject
Project("{FAE04EC0-301F-11D3-BF4B-00C04F79EFBC}") = "DecoratorDemo", "DecoratorDemo\DecoratorDemo.csproj", "{E02ED37E-B6A1-427B-8C65-D7713EC0A1E3}"
EndProject
Project("{2150E333-8FDC-42A3-9474-1A3956D46DE8}") = "Facade", "Facade", "{5EF1DFB1-2A1E-4267-B3DB-523A4D711A92}"
EndProject
Project("{FAE04EC0-301F-11D3-BF4B-00C04F79EFBC}") = "Facade", "Facade\Facade\Facade.csproj", "{35D5CBA5-0FB0-4D9A-BC6A-739A780C2783}"
EndProject
Project("{2150E333-8FDC-42A3-9474-1A3956D46DE8}") = "Memento", "Memento", "{F3B80F45-3575-4B12-AC74-5A154078E6FB}"
EndProject
Project("{FAE04EC0-301F-11D3-BF4B-00C04F79EFBC}") = "Memento", "Memento\Memento.csproj", "{D44A57D9-6699-4432-8E55-87BBD4F4AA04}"
EndProject
Project("{2150E333-8FDC-42A3-9474-1A3956D46DE8}") = "Observer", "Observer", "{495657B5-226E-4427-A6D1-56D50E32F815}"
EndProject
Project("{FAE04EC0-301F-11D3-BF4B-00C04F79EFBC}") = "ObserverDemo", "ObserverDemo\ObserverDemo.csproj", "{B2BB18A9-7C1B-4F16-858A-51347F08055B}"
EndProject
Project("{2150E333-8FDC-42A3-9474-1A3956D46DE8}") = "State", "State", "{01037BF6-16B9-4FF8-9DDA-6D38593D1996}"
EndProject
Project("{FAE04EC0-301F-11D3-BF4B-00C04F79EFBC}") = "StateDemo", "StateDemo\StateDemo.csproj", "{02404663-AB78-4357-9AC2-9437A6CC85AA}"
EndProject
Project("{2150E333-8FDC-42A3-9474-1A3956D46DE8}") = "Strategy", "Strategy", "{B7E3668E-305E-4663-A403-0992FA29E996}"
EndProject
Project("{FAE04EC0-301F-11D3-BF4B-00C04F79EFBC}") = "StrategyDemo", "StrategyDemo\StrategyDemo.csproj", "{25035B63-DC6F-4164-86EF-6B009A98CA0B}"
EndProject
Project("{2150E333-8FDC-42A3-9474-1A3956D46DE8}") = "Template", "Template", "{091D8C2B-441F-443B-8132-BD64C6F2FC41}"
EndProject
Project("{FAE04EC0-301F-11D3-BF4B-00C04F79EFBC}") = "TemplateDemo", "TemplateDemo\TemplateDemo.csproj", "{90109C32-AF3F-4ACE-A6F2-388EEDB51C12}"
EndProject
Project("{2150E333-8FDC-42A3-9474-1A3956D46DE8}") = "Visitor", "Visitor", "{2D2783BB-94ED-42BB-988C-28DB218DEA7E}"
EndProject
Project("{FAE04EC0-301F-11D3-BF4B-00C04F79EFBC}") = "VisitorDemo", "VisitorDemo\VisitorDemo.csproj", "{B9D2C805-2048-408B-A368-8F30234D43F1}"
EndProject
Global
	GlobalSection(SolutionConfigurationPlatforms) = preSolution
		Debug|Any CPU = Debug|Any CPU
		Release|Any CPU = Release|Any CPU
	EndGlobalSection
	GlobalSection(ProjectConfigurationPlatforms) = postSolution
		{B2EB5EF0-03F5-46BA-9934-3CE268DD5B02}.Debug|Any CPU.ActiveCfg = Debug|Any CPU
		{B2EB5EF0-03F5-46BA-9934-3CE268DD5B02}.Debug|Any CPU.Build.0 = Debug|Any CPU
		{B2EB5EF0-03F5-46BA-9934-3CE268DD5B02}.Release|Any CPU.ActiveCfg = Release|Any CPU
		{B2EB5EF0-03F5-46BA-9934-3CE268DD5B02}.Release|Any CPU.Build.0 = Release|Any CPU
		{498D5528-2E2B-49D5-9221-88A039F3A456}.Debug|Any CPU.ActiveCfg = Debug|Any CPU
		{498D5528-2E2B-49D5-9221-88A039F3A456}.Debug|Any CPU.Build.0 = Debug|Any CPU
		{498D5528-2E2B-49D5-9221-88A039F3A456}.Release|Any CPU.ActiveCfg = Release|Any CPU
		{498D5528-2E2B-49D5-9221-88A039F3A456}.Release|Any CPU.Build.0 = Release|Any CPU
		{AD8EE029-41B9-44AA-8382-F1DC2CF6F7EA}.Debug|Any CPU.ActiveCfg = Debug|Any CPU
		{AD8EE029-41B9-44AA-8382-F1DC2CF6F7EA}.Debug|Any CPU.Build.0 = Debug|Any CPU
		{AD8EE029-41B9-44AA-8382-F1DC2CF6F7EA}.Release|Any CPU.ActiveCfg = Release|Any CPU
		{AD8EE029-41B9-44AA-8382-F1DC2CF6F7EA}.Release|Any CPU.Build.0 = Release|Any CPU
		{6D41ABF2-ED6A-41B6-B6A4-B9130D8BCE7B}.Debug|Any CPU.ActiveCfg = Debug|Any CPU
		{6D41ABF2-ED6A-41B6-B6A4-B9130D8BCE7B}.Debug|Any CPU.Build.0 = Debug|Any CPU
		{6D41ABF2-ED6A-41B6-B6A4-B9130D8BCE7B}.Release|Any CPU.ActiveCfg = Release|Any CPU
		{6D41ABF2-ED6A-41B6-B6A4-B9130D8BCE7B}.Release|Any CPU.Build.0 = Release|Any CPU
		{2FEE1B72-30B1-4D5B-A952-C98F8420A85E}.Debug|Any CPU.ActiveCfg = Debug|Any CPU
		{2FEE1B72-30B1-4D5B-A952-C98F8420A85E}.Debug|Any CPU.Build.0 = Debug|Any CPU
		{2FEE1B72-30B1-4D5B-A952-C98F8420A85E}.Release|Any CPU.ActiveCfg = Release|Any CPU
		{2FEE1B72-30B1-4D5B-A952-C98F8420A85E}.Release|Any CPU.Build.0 = Release|Any CPU
		{4FA3DCFD-B2D2-442E-B707-A760B75F46F5}.Debug|Any CPU.ActiveCfg = Debug|Any CPU
		{4FA3DCFD-B2D2-442E-B707-A760B75F46F5}.Debug|Any CPU.Build.0 = Debug|Any CPU
		{4FA3DCFD-B2D2-442E-B707-A760B75F46F5}.Release|Any CPU.ActiveCfg = Release|Any CPU
		{4FA3DCFD-B2D2-442E-B707-A760B75F46F5}.Release|Any CPU.Build.0 = Release|Any CPU
		{830A6DAB-3719-4739-B001-154A0E1311BE}.Debug|Any CPU.ActiveCfg = Debug|Any CPU
		{830A6DAB-3719-4739-B001-154A0E1311BE}.Debug|Any CPU.Build.0 = Debug|Any CPU
		{830A6DAB-3719-4739-B001-154A0E1311BE}.Release|Any CPU.ActiveCfg = Release|Any CPU
		{830A6DAB-3719-4739-B001-154A0E1311BE}.Release|Any CPU.Build.0 = Release|Any CPU
		{E9FBC36B-66BE-46A0-80D0-9C7AB922475C}.Debug|Any CPU.ActiveCfg = Debug|Any CPU
		{E9FBC36B-66BE-46A0-80D0-9C7AB922475C}.Debug|Any CPU.Build.0 = Debug|Any CPU
		{E9FBC36B-66BE-46A0-80D0-9C7AB922475C}.Release|Any CPU.ActiveCfg = Release|Any CPU
		{E9FBC36B-66BE-46A0-80D0-9C7AB922475C}.Release|Any CPU.Build.0 = Release|Any CPU
		{C0B7F614-FEE7-4AAB-8F0E-DCD0CCAD4EF8}.Debug|Any CPU.ActiveCfg = Debug|Any CPU
		{C0B7F614-FEE7-4AAB-8F0E-DCD0CCAD4EF8}.Debug|Any CPU.Build.0 = Debug|Any CPU
		{C0B7F614-FEE7-4AAB-8F0E-DCD0CCAD4EF8}.Release|Any CPU.ActiveCfg = Release|Any CPU
		{C0B7F614-FEE7-4AAB-8F0E-DCD0CCAD4EF8}.Release|Any CPU.Build.0 = Release|Any CPU
		{FA079424-D229-4B24-8B82-9382FB3FFCE1}.Debug|Any CPU.ActiveCfg = Debug|Any CPU
		{FA079424-D229-4B24-8B82-9382FB3FFCE1}.Debug|Any CPU.Build.0 = Debug|Any CPU
		{FA079424-D229-4B24-8B82-9382FB3FFCE1}.Release|Any CPU.ActiveCfg = Release|Any CPU
		{FA079424-D229-4B24-8B82-9382FB3FFCE1}.Release|Any CPU.Build.0 = Release|Any CPU
		{48385805-E027-4F15-ACCB-7BDDF4F8853F}.Debug|Any CPU.ActiveCfg = Debug|Any CPU
		{48385805-E027-4F15-ACCB-7BDDF4F8853F}.Debug|Any CPU.Build.0 = Debug|Any CPU
		{48385805-E027-4F15-ACCB-7BDDF4F8853F}.Release|Any CPU.ActiveCfg = Release|Any CPU
		{48385805-E027-4F15-ACCB-7BDDF4F8853F}.Release|Any CPU.Build.0 = Release|Any CPU
		{C59AC0E4-F3B3-4B2A-8790-6A37CCD8BB42}.Debug|Any CPU.ActiveCfg = Debug|Any CPU
		{C59AC0E4-F3B3-4B2A-8790-6A37CCD8BB42}.Debug|Any CPU.Build.0 = Debug|Any CPU
		{C59AC0E4-F3B3-4B2A-8790-6A37CCD8BB42}.Release|Any CPU.ActiveCfg = Release|Any CPU
		{C59AC0E4-F3B3-4B2A-8790-6A37CCD8BB42}.Release|Any CPU.Build.0 = Release|Any CPU
		{24A1B97D-2E0B-4DE5-B08D-EF994ABC9970}.Debug|Any CPU.ActiveCfg = Debug|Any CPU
		{24A1B97D-2E0B-4DE5-B08D-EF994ABC9970}.Debug|Any CPU.Build.0 = Debug|Any CPU
		{24A1B97D-2E0B-4DE5-B08D-EF994ABC9970}.Release|Any CPU.ActiveCfg = Release|Any CPU
		{24A1B97D-2E0B-4DE5-B08D-EF994ABC9970}.Release|Any CPU.Build.0 = Release|Any CPU
		{844E6FF4-D07E-4F33-BBEE-15800A4F63CC}.Debug|Any CPU.ActiveCfg = Debug|Any CPU
		{844E6FF4-D07E-4F33-BBEE-15800A4F63CC}.Debug|Any CPU.Build.0 = Debug|Any CPU
		{844E6FF4-D07E-4F33-BBEE-15800A4F63CC}.Release|Any CPU.ActiveCfg = Release|Any CPU
		{844E6FF4-D07E-4F33-BBEE-15800A4F63CC}.Release|Any CPU.Build.0 = Release|Any CPU
		{5D34EB24-256C-401A-AAF2-FD7C29AC1E9D}.Debug|Any CPU.ActiveCfg = Debug|Any CPU
		{5D34EB24-256C-401A-AAF2-FD7C29AC1E9D}.Debug|Any CPU.Build.0 = Debug|Any CPU
		{5D34EB24-256C-401A-AAF2-FD7C29AC1E9D}.Release|Any CPU.ActiveCfg = Release|Any CPU
		{5D34EB24-256C-401A-AAF2-FD7C29AC1E9D}.Release|Any CPU.Build.0 = Release|Any CPU
		{E02ED37E-B6A1-427B-8C65-D7713EC0A1E3}.Debug|Any CPU.ActiveCfg = Debug|Any CPU
		{E02ED37E-B6A1-427B-8C65-D7713EC0A1E3}.Debug|Any CPU.Build.0 = Debug|Any CPU
		{E02ED37E-B6A1-427B-8C65-D7713EC0A1E3}.Release|Any CPU.ActiveCfg = Release|Any CPU
		{E02ED37E-B6A1-427B-8C65-D7713EC0A1E3}.Release|Any CPU.Build.0 = Release|Any CPU
		{35D5CBA5-0FB0-4D9A-BC6A-739A780C2783}.Debug|Any CPU.ActiveCfg = Debug|Any CPU
		{35D5CBA5-0FB0-4D9A-BC6A-739A780C2783}.Debug|Any CPU.Build.0 = Debug|Any CPU
		{35D5CBA5-0FB0-4D9A-BC6A-739A780C2783}.Release|Any CPU.ActiveCfg = Release|Any CPU
		{35D5CBA5-0FB0-4D9A-BC6A-739A780C2783}.Release|Any CPU.Build.0 = Release|Any CPU
		{D44A57D9-6699-4432-8E55-87BBD4F4AA04}.Debug|Any CPU.ActiveCfg = Debug|Any CPU
		{D44A57D9-6699-4432-8E55-87BBD4F4AA04}.Debug|Any CPU.Build.0 = Debug|Any CPU
		{D44A57D9-6699-4432-8E55-87BBD4F4AA04}.Release|Any CPU.ActiveCfg = Release|Any CPU
		{D44A57D9-6699-4432-8E55-87BBD4F4AA04}.Release|Any CPU.Build.0 = Release|Any CPU
		{B2BB18A9-7C1B-4F16-858A-51347F08055B}.Debug|Any CPU.ActiveCfg = Debug|Any CPU
		{B2BB18A9-7C1B-4F16-858A-51347F08055B}.Debug|Any CPU.Build.0 = Debug|Any CPU
		{B2BB18A9-7C1B-4F16-858A-51347F08055B}.Release|Any CPU.ActiveCfg = Release|Any CPU
		{B2BB18A9-7C1B-4F16-858A-51347F08055B}.Release|Any CPU.Build.0 = Release|Any CPU
		{02404663-AB78-4357-9AC2-9437A6CC85AA}.Debug|Any CPU.ActiveCfg = Debug|Any CPU
		{02404663-AB78-4357-9AC2-9437A6CC85AA}.Debug|Any CPU.Build.0 = Debug|Any CPU
		{02404663-AB78-4357-9AC2-9437A6CC85AA}.Release|Any CPU.ActiveCfg = Release|Any CPU
		{02404663-AB78-4357-9AC2-9437A6CC85AA}.Release|Any CPU.Build.0 = Release|Any CPU
		{25035B63-DC6F-4164-86EF-6B009A98CA0B}.Debug|Any CPU.ActiveCfg = Debug|Any CPU
		{25035B63-DC6F-4164-86EF-6B009A98CA0B}.Debug|Any CPU.Build.0 = Debug|Any CPU
		{25035B63-DC6F-4164-86EF-6B009A98CA0B}.Release|Any CPU.ActiveCfg = Release|Any CPU
		{25035B63-DC6F-4164-86EF-6B009A98CA0B}.Release|Any CPU.Build.0 = Release|Any CPU
		{90109C32-AF3F-4ACE-A6F2-388EEDB51C12}.Debug|Any CPU.ActiveCfg = Debug|Any CPU
		{90109C32-AF3F-4ACE-A6F2-388EEDB51C12}.Debug|Any CPU.Build.0 = Debug|Any CPU
		{90109C32-AF3F-4ACE-A6F2-388EEDB51C12}.Release|Any CPU.ActiveCfg = Release|Any CPU
		{90109C32-AF3F-4ACE-A6F2-388EEDB51C12}.Release|Any CPU.Build.0 = Release|Any CPU
		{B9D2C805-2048-408B-A368-8F30234D43F1}.Debug|Any CPU.ActiveCfg = Debug|Any CPU
		{B9D2C805-2048-408B-A368-8F30234D43F1}.Debug|Any CPU.Build.0 = Debug|Any CPU
		{B9D2C805-2048-408B-A368-8F30234D43F1}.Release|Any CPU.ActiveCfg = Release|Any CPU
		{B9D2C805-2048-408B-A368-8F30234D43F1}.Release|Any CPU.Build.0 = Release|Any CPU
	EndGlobalSection
	GlobalSection(SolutionProperties) = preSolution
		HideSolutionNode = FALSE
	EndGlobalSection
	GlobalSection(NestedProjects) = preSolution
		{B2EB5EF0-03F5-46BA-9934-3CE268DD5B02} = {709FDF99-1BB8-4631-9FE2-CFB018C6ACF9}
		{498D5528-2E2B-49D5-9221-88A039F3A456} = {709FDF99-1BB8-4631-9FE2-CFB018C6ACF9}
		{AD8EE029-41B9-44AA-8382-F1DC2CF6F7EA} = {9B5087D9-1826-4291-9498-CF517A53E444}
		{6D41ABF2-ED6A-41B6-B6A4-B9130D8BCE7B} = {9B5087D9-1826-4291-9498-CF517A53E444}
		{2FEE1B72-30B1-4D5B-A952-C98F8420A85E} = {D1099422-0BC9-43DE-8A83-873B74DE0157}
		{4FA3DCFD-B2D2-442E-B707-A760B75F46F5} = {5979FA27-1B19-42D5-8830-77AB33FE1960}
		{830A6DAB-3719-4739-B001-154A0E1311BE} = {F1B37066-ADE6-4CB1-822A-1A2C87D157F7}
		{E9FBC36B-66BE-46A0-80D0-9C7AB922475C} = {669E478E-4BBF-42C4-8660-8299BC60E1F7}
		{C0B7F614-FEE7-4AAB-8F0E-DCD0CCAD4EF8} = {FE303C89-ADC6-4874-906B-B42EA0229C1B}
		{FA079424-D229-4B24-8B82-9382FB3FFCE1} = {5EB996F5-BE3E-442D-BD9E-232895EF6722}
		{48385805-E027-4F15-ACCB-7BDDF4F8853F} = {7A20F7B2-18C4-4718-9125-3C088C4D119B}
		{C59AC0E4-F3B3-4B2A-8790-6A37CCD8BB42} = {A035B0AF-A347-4E21-8969-9A21D00383BF}
		{24A1B97D-2E0B-4DE5-B08D-EF994ABC9970} = {D0C9052D-8D9E-45C0-B801-541529858558}
		{844E6FF4-D07E-4F33-BBEE-15800A4F63CC} = {F0D518FC-DB38-494A-8E7A-5705C3D2EACE}
		{5D34EB24-256C-401A-AAF2-FD7C29AC1E9D} = {412F356A-A94D-40F5-ACBD-28F55C2EA1B7}
		{E02ED37E-B6A1-427B-8C65-D7713EC0A1E3} = {D36627B0-74B2-41CE-B869-0A54EBEB6143}
		{35D5CBA5-0FB0-4D9A-BC6A-739A780C2783} = {5EF1DFB1-2A1E-4267-B3DB-523A4D711A92}
		{D44A57D9-6699-4432-8E55-87BBD4F4AA04} = {F3B80F45-3575-4B12-AC74-5A154078E6FB}
		{B2BB18A9-7C1B-4F16-858A-51347F08055B} = {495657B5-226E-4427-A6D1-56D50E32F815}
		{02404663-AB78-4357-9AC2-9437A6CC85AA} = {01037BF6-16B9-4FF8-9DDA-6D38593D1996}
		{25035B63-DC6F-4164-86EF-6B009A98CA0B} = {B7E3668E-305E-4663-A403-0992FA29E996}
		{90109C32-AF3F-4ACE-A6F2-388EEDB51C12} = {091D8C2B-441F-443B-8132-BD64C6F2FC41}
		{B9D2C805-2048-408B-A368-8F30234D43F1} = {2D2783BB-94ED-42BB-988C-28DB218DEA7E}
	EndGlobalSection
	GlobalSection(ExtensibilityGlobals) = postSolution
		SolutionGuid = {0013987D-5F8A-4DC8-8C7D-A7E28B88D65F}
	EndGlobalSection
EndGlobal
